
Microsoft Visual Studio Solution File, Format Version 12.00
# Visual Studio 14
VisualStudioVersion = 14.0.23107.0
MinimumVisualStudioVersion = 10.0.40219.1
Project("{FAE04EC0-301F-11D3-BF4B-00C04F79EFBC}") = "Client", "Client\Client.csproj", "{3D5017F1-4D8F-4EDA-AF8E-95FB599D55A1}"
EndProject
Project("{FAE04EC0-301F-11D3-BF4B-00C04F79EFBC}") = "UsrEndInventory_UIL", "Inventory_UIL\UsrEndInventory_UIL.csproj", "{2E140500-71A1-46A2-8005-55A86FC900FE}"
EndProject
Project("{FAE04EC0-301F-11D3-BF4B-00C04F79EFBC}") = "StockEndInventory_UIL", "Stock_UIL\StockEndInventory_UIL.csproj", "{438C1064-7677-4D59-83AD-FD853585B246}"
EndProject
Project("{FAE04EC0-301F-11D3-BF4B-00C04F79EFBC}") = "Reports_BLL", "Reports_BLL\Reports_BLL.csproj", "{2DE4C08A-6B8F-4E9F-B6BC-B10119E70A9E}"
EndProject
Project("{FAE04EC0-301F-11D3-BF4B-00C04F79EFBC}") = "Reports_BCL", "Reports_BCL\Reports_BCL.csproj", "{0FC57650-ADA5-48ED-8A36-27FBDCE8D2C5}"
EndProject
Project("{FAE04EC0-301F-11D3-BF4B-00C04F79EFBC}") = "Reports_DAL", "Reports_DAL\Reports_DAL.csproj", "{93B28F5A-D680-4014-86DF-8EA55526F4F0}"
EndProject
Project("{FAE04EC0-301F-11D3-BF4B-00C04F79EFBC}") = "StockEndInventory_BLL", "StockEndInventory_BLL\StockEndInventory_BLL.csproj", "{8F064FA1-7C16-45FF-90D9-1CFDD2256041}"
EndProject
Project("{FAE04EC0-301F-11D3-BF4B-00C04F79EFBC}") = "StockEndInventory_BCL", "StockEndInventory_BCL\StockEndInventory_BCL.csproj", "{E04B845F-1B3A-4102-96E1-60AF76645CF6}"
EndProject
Project("{FAE04EC0-301F-11D3-BF4B-00C04F79EFBC}") = "StockEndInventory_DAL", "StockEndInventory_DAL\StockEndInventory_DAL.csproj", "{1FB6DA6C-0BCE-4D91-AFD0-E2CAE1C9E730}"
EndProject
Project("{FAE04EC0-301F-11D3-BF4B-00C04F79EFBC}") = "UsrEndInventory_BLL", "UsrEndInventory_BLL\UsrEndInventory_BLL.csproj", "{B8A73334-3257-48C2-BB8B-A87D3F5CFDF2}"
EndProject
Project("{FAE04EC0-301F-11D3-BF4B-00C04F79EFBC}") = "UsrEndInventory_DAL", "UsrEndInventory_DAL\UsrEndInventory_DAL.csproj", "{1CEA2404-C85D-4151-841A-6E85E0C4E09E}"
EndProject
Project("{FAE04EC0-301F-11D3-BF4B-00C04F79EFBC}") = "UsrEndInventory_BCL", "UsrEndInventory_BCL\UsrEndInventory_BCL.csproj", "{36F90215-E20B-454C-BD75-D8776AF1CEB4}"
EndProject
Project("{FAE04EC0-301F-11D3-BF4B-00C04F79EFBC}") = "Reports_UIL", "..\QuantumBridge\Reports_UIL\Reports_UIL.csproj", "{409B8523-64F1-478E-8B2D-5DFC7F6B5787}"
EndProject
Global
	GlobalSection(SolutionConfigurationPlatforms) = preSolution
		Debug|Any CPU = Debug|Any CPU
		Release|Any CPU = Release|Any CPU
	EndGlobalSection
	GlobalSection(ProjectConfigurationPlatforms) = postSolution
		{3D5017F1-4D8F-4EDA-AF8E-95FB599D55A1}.Debug|Any CPU.ActiveCfg = Debug|Any CPU
		{3D5017F1-4D8F-4EDA-AF8E-95FB599D55A1}.Debug|Any CPU.Build.0 = Debug|Any CPU
		{3D5017F1-4D8F-4EDA-AF8E-95FB599D55A1}.Release|Any CPU.ActiveCfg = Release|Any CPU
		{3D5017F1-4D8F-4EDA-AF8E-95FB599D55A1}.Release|Any CPU.Build.0 = Release|Any CPU
		{2E140500-71A1-46A2-8005-55A86FC900FE}.Debug|Any CPU.ActiveCfg = Debug|Any CPU
		{2E140500-71A1-46A2-8005-55A86FC900FE}.Debug|Any CPU.Build.0 = Debug|Any CPU
		{2E140500-71A1-46A2-8005-55A86FC900FE}.Release|Any CPU.ActiveCfg = Release|Any CPU
		{2E140500-71A1-46A2-8005-55A86FC900FE}.Release|Any CPU.Build.0 = Release|Any CPU
		{438C1064-7677-4D59-83AD-FD853585B246}.Debug|Any CPU.ActiveCfg = Debug|Any CPU
		{438C1064-7677-4D59-83AD-FD853585B246}.Debug|Any CPU.Build.0 = Debug|Any CPU
		{438C1064-7677-4D59-83AD-FD853585B246}.Release|Any CPU.ActiveCfg = Release|Any CPU
		{438C1064-7677-4D59-83AD-FD853585B246}.Release|Any CPU.Build.0 = Release|Any CPU
		{2DE4C08A-6B8F-4E9F-B6BC-B10119E70A9E}.Debug|Any CPU.ActiveCfg = Debug|Any CPU
		{2DE4C08A-6B8F-4E9F-B6BC-B10119E70A9E}.Debug|Any CPU.Build.0 = Debug|Any CPU
		{2DE4C08A-6B8F-4E9F-B6BC-B10119E70A9E}.Release|Any CPU.ActiveCfg = Release|Any CPU
		{2DE4C08A-6B8F-4E9F-B6BC-B10119E70A9E}.Release|Any CPU.Build.0 = Release|Any CPU
		{0FC57650-ADA5-48ED-8A36-27FBDCE8D2C5}.Debug|Any CPU.ActiveCfg = Debug|Any CPU
		{0FC57650-ADA5-48ED-8A36-27FBDCE8D2C5}.Debug|Any CPU.Build.0 = Debug|Any CPU
		{0FC57650-ADA5-48ED-8A36-27FBDCE8D2C5}.Release|Any CPU.ActiveCfg = Release|Any CPU
		{0FC57650-ADA5-48ED-8A36-27FBDCE8D2C5}.Release|Any CPU.Build.0 = Release|Any CPU
		{93B28F5A-D680-4014-86DF-8EA55526F4F0}.Debug|Any CPU.ActiveCfg = Debug|Any CPU
		{93B28F5A-D680-4014-86DF-8EA55526F4F0}.Debug|Any CPU.Build.0 = Debug|Any CPU
		{93B28F5A-D680-4014-86DF-8EA55526F4F0}.Release|Any CPU.ActiveCfg = Release|Any CPU
		{93B28F5A-D680-4014-86DF-8EA55526F4F0}.Release|Any CPU.Build.0 = Release|Any CPU
		{8F064FA1-7C16-45FF-90D9-1CFDD2256041}.Debug|Any CPU.ActiveCfg = Debug|Any CPU
		{8F064FA1-7C16-45FF-90D9-1CFDD2256041}.Debug|Any CPU.Build.0 = Debug|Any CPU
		{8F064FA1-7C16-45FF-90D9-1CFDD2256041}.Release|Any CPU.ActiveCfg = Release|Any CPU
		{8F064FA1-7C16-45FF-90D9-1CFDD2256041}.Release|Any CPU.Build.0 = Release|Any CPU
		{E04B845F-1B3A-4102-96E1-60AF76645CF6}.Debug|Any CPU.ActiveCfg = Debug|Any CPU
		{E04B845F-1B3A-4102-96E1-60AF76645CF6}.Debug|Any CPU.Build.0 = Debug|Any CPU
		{E04B845F-1B3A-4102-96E1-60AF76645CF6}.Release|Any CPU.ActiveCfg = Release|Any CPU
		{E04B845F-1B3A-4102-96E1-60AF76645CF6}.Release|Any CPU.Build.0 = Release|Any CPU
		{1FB6DA6C-0BCE-4D91-AFD0-E2CAE1C9E730}.Debug|Any CPU.ActiveCfg = Debug|Any CPU
		{1FB6DA6C-0BCE-4D91-AFD0-E2CAE1C9E730}.Debug|Any CPU.Build.0 = Debug|Any CPU
		{1FB6DA6C-0BCE-4D91-AFD0-E2CAE1C9E730}.Release|Any CPU.ActiveCfg = Release|Any CPU
		{1FB6DA6C-0BCE-4D91-AFD0-E2CAE1C9E730}.Release|Any CPU.Build.0 = Release|Any CPU
		{B8A73334-3257-48C2-BB8B-A87D3F5CFDF2}.Debug|Any CPU.ActiveCfg = Debug|Any CPU
		{B8A73334-3257-48C2-BB8B-A87D3F5CFDF2}.Debug|Any CPU.Build.0 = Debug|Any CPU
		{B8A73334-3257-48C2-BB8B-A87D3F5CFDF2}.Release|Any CPU.ActiveCfg = Release|Any CPU
		{B8A73334-3257-48C2-BB8B-A87D3F5CFDF2}.Release|Any CPU.Build.0 = Release|Any CPU
		{1CEA2404-C85D-4151-841A-6E85E0C4E09E}.Debug|Any CPU.ActiveCfg = Debug|Any CPU
		{1CEA2404-C85D-4151-841A-6E85E0C4E09E}.Debug|Any CPU.Build.0 = Debug|Any CPU
		{1CEA2404-C85D-4151-841A-6E85E0C4E09E}.Release|Any CPU.ActiveCfg = Release|Any CPU
		{1CEA2404-C85D-4151-841A-6E85E0C4E09E}.Release|Any CPU.Build.0 = Release|Any CPU
		{36F90215-E20B-454C-BD75-D8776AF1CEB4}.Debug|Any CPU.ActiveCfg = Debug|Any CPU
		{36F90215-E20B-454C-BD75-D8776AF1CEB4}.Debug|Any CPU.Build.0 = Debug|Any CPU
		{36F90215-E20B-454C-BD75-D8776AF1CEB4}.Release|Any CPU.ActiveCfg = Release|Any CPU
		{36F90215-E20B-454C-BD75-D8776AF1CEB4}.Release|Any CPU.Build.0 = Release|Any CPU
		{409B8523-64F1-478E-8B2D-5DFC7F6B5787}.Debug|Any CPU.ActiveCfg = Debug|Any CPU
		{409B8523-64F1-478E-8B2D-5DFC7F6B5787}.Debug|Any CPU.Build.0 = Debug|Any CPU
		{409B8523-64F1-478E-8B2D-5DFC7F6B5787}.Release|Any CPU.ActiveCfg = Release|Any CPU
		{409B8523-64F1-478E-8B2D-5DFC7F6B5787}.Release|Any CPU.Build.0 = Release|Any CPU
	EndGlobalSection
	GlobalSection(SolutionProperties) = preSolution
		HideSolutionNode = FALSE
	EndGlobalSection
EndGlobal
